
Microsoft Visual Studio Solution File, Format Version 12.00
# Visual Studio Version 17
VisualStudioVersion = 17.7.34024.191
MinimumVisualStudioVersion = 10.0.40219.1
Project("{FAE04EC0-301F-11D3-BF4B-00C04F79EFBC}") = "RazorPagesPizza", "RazorPagesPizza\RazorPagesPizza.csproj", "{AA1496C5-75C6-4009-B9FB-C5782CF91EE2}"
EndProject
Global
	GlobalSection(SolutionConfigurationPlatforms) = preSolution
		Debug|Any CPU = Debug|Any CPU
		Release|Any CPU = Release|Any CPU
	EndGlobalSection
	GlobalSection(ProjectConfigurationPlatforms) = postSolution
		{AA1496C5-75C6-4009-B9FB-C5782CF91EE2}.Debug|Any CPU.ActiveCfg = Debug|Any CPU
		{AA1496C5-75C6-4009-B9FB-C5782CF91EE2}.Debug|Any CPU.Build.0 = Debug|Any CPU
		{AA1496C5-75C6-4009-B9FB-C5782CF91EE2}.Release|Any CPU.ActiveCfg = Release|Any CPU
		{AA1496C5-75C6-4009-B9FB-C5782CF91EE2}.Release|Any CPU.Build.0 = Release|Any CPU
	EndGlobalSection
	GlobalSection(SolutionProperties) = preSolution
		HideSolutionNode = FALSE
	EndGlobalSection
	GlobalSection(ExtensibilityGlobals) = postSolution
		SolutionGuid = {D0F3A290-D1C0-4C2D-94A3-4E73459D0C1D}
	EndGlobalSection
EndGlobal
